
Microsoft Visual Studio Solution File, Format Version 12.00
# Visual Studio Version 17
VisualStudioVersion = 17.0.32112.339
MinimumVisualStudioVersion = 10.0.40219.1
Project("{F2A71F9B-5D33-465A-A702-920D77279786}") = "Litsu.Lang", "Litsu.Lang\Litsu.Lang.fsproj", "{A44AE1AB-827E-48E4-AAC1-4584F1F44E55}"
EndProject
Project("{F2A71F9B-5D33-465A-A702-920D77279786}") = "litc", "litc\litc.fsproj", "{0AC48E11-0BE4-4E37-9855-A88A7709F40A}"
EndProject
Project("{F2A71F9B-5D33-465A-A702-920D77279786}") = "Litsu.Testing", "Litsu.Testing\Litsu.Testing.fsproj", "{5A6CC4AC-4E2A-4F86-9577-D802F3C6D6B5}"
EndProject
Project("{F2A71F9B-5D33-465A-A702-920D77279786}") = "Litsu.Run", "Litsu.Run\Litsu.Run.fsproj", "{03F0F8D6-232E-4DFF-900E-332FD8D0A2A0}"
EndProject
Project("{F2A71F9B-5D33-465A-A702-920D77279786}") = "Litsu.Compiler", "Litsu.Compiler\Litsu.Compiler.fsproj", "{27E77DB5-0F68-41F9-8334-2607C1A9617D}"
EndProject
Global
	GlobalSection(SolutionConfigurationPlatforms) = preSolution
		Debug|Any CPU = Debug|Any CPU
		Release|Any CPU = Release|Any CPU
	EndGlobalSection
	GlobalSection(ProjectConfigurationPlatforms) = postSolution
		{A44AE1AB-827E-48E4-AAC1-4584F1F44E55}.Debug|Any CPU.ActiveCfg = Debug|Any CPU
		{A44AE1AB-827E-48E4-AAC1-4584F1F44E55}.Debug|Any CPU.Build.0 = Debug|Any CPU
		{A44AE1AB-827E-48E4-AAC1-4584F1F44E55}.Release|Any CPU.ActiveCfg = Release|Any CPU
		{A44AE1AB-827E-48E4-AAC1-4584F1F44E55}.Release|Any CPU.Build.0 = Release|Any CPU
		{0AC48E11-0BE4-4E37-9855-A88A7709F40A}.Debug|Any CPU.ActiveCfg = Debug|Any CPU
		{0AC48E11-0BE4-4E37-9855-A88A7709F40A}.Debug|Any CPU.Build.0 = Debug|Any CPU
		{0AC48E11-0BE4-4E37-9855-A88A7709F40A}.Release|Any CPU.ActiveCfg = Release|Any CPU
		{0AC48E11-0BE4-4E37-9855-A88A7709F40A}.Release|Any CPU.Build.0 = Release|Any CPU
		{5A6CC4AC-4E2A-4F86-9577-D802F3C6D6B5}.Debug|Any CPU.ActiveCfg = Debug|Any CPU
		{5A6CC4AC-4E2A-4F86-9577-D802F3C6D6B5}.Debug|Any CPU.Build.0 = Debug|Any CPU
		{5A6CC4AC-4E2A-4F86-9577-D802F3C6D6B5}.Release|Any CPU.ActiveCfg = Release|Any CPU
		{5A6CC4AC-4E2A-4F86-9577-D802F3C6D6B5}.Release|Any CPU.Build.0 = Release|Any CPU
		{03F0F8D6-232E-4DFF-900E-332FD8D0A2A0}.Debug|Any CPU.ActiveCfg = Debug|Any CPU
		{03F0F8D6-232E-4DFF-900E-332FD8D0A2A0}.Debug|Any CPU.Build.0 = Debug|Any CPU
		{03F0F8D6-232E-4DFF-900E-332FD8D0A2A0}.Release|Any CPU.ActiveCfg = Release|Any CPU
		{03F0F8D6-232E-4DFF-900E-332FD8D0A2A0}.Release|Any CPU.Build.0 = Release|Any CPU
		{27E77DB5-0F68-41F9-8334-2607C1A9617D}.Debug|Any CPU.ActiveCfg = Debug|Any CPU
		{27E77DB5-0F68-41F9-8334-2607C1A9617D}.Debug|Any CPU.Build.0 = Debug|Any CPU
		{27E77DB5-0F68-41F9-8334-2607C1A9617D}.Release|Any CPU.ActiveCfg = Release|Any CPU
		{27E77DB5-0F68-41F9-8334-2607C1A9617D}.Release|Any CPU.Build.0 = Release|Any CPU
	EndGlobalSection
	GlobalSection(SolutionProperties) = preSolution
		HideSolutionNode = FALSE
	EndGlobalSection
	GlobalSection(ExtensibilityGlobals) = postSolution
		SolutionGuid = {2286EA33-24D0-4DA3-A48F-09EF17738D1E}
	EndGlobalSection
EndGlobal
